
Microsoft Visual Studio Solution File, Format Version 12.00
# Visual Studio Version 17
VisualStudioVersion = 17.4.33213.308
MinimumVisualStudioVersion = 10.0.40219.1
Project("{FAE04EC0-301F-11D3-BF4B-00C04F79EFBC}") = "CarouselView.UWP", "CarouselView\CarouselView.UWP\CarouselView.UWP.csproj", "{E3B6F701-A6F1-4868-BAB4-DC9C7846F375}"
EndProject
Project("{FAE04EC0-301F-11D3-BF4B-00C04F79EFBC}") = "CarouselView.Android", "CarouselView\CarouselView.Android\CarouselView.Android.csproj", "{4878285C-4E2A-4465-AA58-164C3F2CCB83}"
EndProject
Project("{9A19103F-16F7-4668-BE54-9A1E7A4F7556}") = "CarouselView", "CarouselView\CarouselView\CarouselView.csproj", "{066693F2-50A3-491C-83F0-8A61912C7EAB}"
EndProject
Project("{FAE04EC0-301F-11D3-BF4B-00C04F79EFBC}") = "CarouselView.iOS", "CarouselView\CarouselView.iOS\CarouselView.iOS.csproj", "{496C7D8E-9BDC-447A-94CC-88159BA75D25}"
EndProject
Global
	GlobalSection(SolutionConfigurationPlatforms) = preSolution
	        Ad-Hoc|Any CPU = Ad-Hoc|Any CPU
	        Ad-Hoc|ARM = Ad-Hoc|ARM
	        Ad-Hoc|iPhone = Ad-Hoc|iPhone
	        Ad-Hoc|iPhoneSimulator = Ad-Hoc|iPhoneSimulator
	        Ad-Hoc|x64 = Ad-Hoc|x64
	        Ad-Hoc|x86 = Ad-Hoc|x86
	        AppStore|Any CPU = AppStore|Any CPU
	        AppStore|ARM = AppStore|ARM
	        AppStore|iPhone = AppStore|iPhone
	        AppStore|iPhoneSimulator = AppStore|iPhoneSimulator
	        AppStore|x64 = AppStore|x64
	        AppStore|x86 = AppStore|x86
	        Debug|Any CPU = Debug|Any CPU
	        Debug|ARM = Debug|ARM
	        Debug|iPhone = Debug|iPhone
	        Debug|iPhoneSimulator = Debug|iPhoneSimulator
	        Debug|x64 = Debug|x64
	        Debug|x86 = Debug|x86
	        MultiPlatform|Any CPU = MultiPlatform|Any CPU
	        MultiPlatform|ARM = MultiPlatform|ARM
	        MultiPlatform|iPhone = MultiPlatform|iPhone
	        MultiPlatform|iPhoneSimulator = MultiPlatform|iPhoneSimulator
	        MultiPlatform|x64 = MultiPlatform|x64
	        MultiPlatform|x86 = MultiPlatform|x86
	        Release|Any CPU = Release|Any CPU
	        Release|ARM = Release|ARM
	        Release|iPhone = Release|iPhone
	        Release|iPhoneSimulator = Release|iPhoneSimulator
	        Release|x64 = Release|x64
	        Release|x86 = Release|x86
	    EndGlobalSection
	GlobalSection(ProjectConfigurationPlatforms) = postSolution
		{E3B6F701-A6F1-4868-BAB4-DC9C7846F375}.Debug|Any CPU.ActiveCfg = Debug|x64
		{E3B6F701-A6F1-4868-BAB4-DC9C7846F375}.Debug|ARM.ActiveCfg = Debug|ARM
		{E3B6F701-A6F1-4868-BAB4-DC9C7846F375}.Debug|x64.ActiveCfg = Debug|x64
		{E3B6F701-A6F1-4868-BAB4-DC9C7846F375}.Debug|x86.ActiveCfg = Debug|x86
		{E3B6F701-A6F1-4868-BAB4-DC9C7846F375}.Release|Any CPU.ActiveCfg = Release|x64
		{E3B6F701-A6F1-4868-BAB4-DC9C7846F375}.Release|ARM.ActiveCfg = Release|ARM
		{E3B6F701-A6F1-4868-BAB4-DC9C7846F375}.Release|ARM.Build.0 = Release|ARM
		{E3B6F701-A6F1-4868-BAB4-DC9C7846F375}.Release|ARM.Deploy.0 = Release|ARM
		{E3B6F701-A6F1-4868-BAB4-DC9C7846F375}.Release|x64.ActiveCfg = Release|x64
		{E3B6F701-A6F1-4868-BAB4-DC9C7846F375}.Release|x64.Build.0 = Release|x64
		{E3B6F701-A6F1-4868-BAB4-DC9C7846F375}.Release|x64.Deploy.0 = Release|x64
		{E3B6F701-A6F1-4868-BAB4-DC9C7846F375}.Release|x86.ActiveCfg = Release|x86
		{E3B6F701-A6F1-4868-BAB4-DC9C7846F375}.Release|x86.Build.0 = Release|x86
		{E3B6F701-A6F1-4868-BAB4-DC9C7846F375}.Release|x86.Deploy.0 = Release|x86
		{E3B6F701-A6F1-4868-BAB4-DC9C7846F375}.Debug|iPhoneSimulator.ActiveCfg = Debug|x64
		{E3B6F701-A6F1-4868-BAB4-DC9C7846F375}.Debug|iPhoneSimulator.Build.0 = Debug|x64
		{E3B6F701-A6F1-4868-BAB4-DC9C7846F375}.Debug|iPhoneSimulator.Deploy.0 = Debug|x64
		{4878285C-4E2A-4465-AA58-164C3F2CCB83}.Debug|Any CPU.ActiveCfg = Debug|Any CPU
		{4878285C-4E2A-4465-AA58-164C3F2CCB83}.Debug|Any CPU.Build.0 = Debug|Any CPU
		{4878285C-4E2A-4465-AA58-164C3F2CCB83}.Debug|Any CPU.Deploy.0 = Debug|Any CPU
		{4878285C-4E2A-4465-AA58-164C3F2CCB83}.Debug|ARM.ActiveCfg = Debug|Any CPU
		{4878285C-4E2A-4465-AA58-164C3F2CCB83}.Debug|ARM.Build.0 = Debug|Any CPU
		{4878285C-4E2A-4465-AA58-164C3F2CCB83}.Debug|ARM.Deploy.0 = Debug|Any CPU
		{4878285C-4E2A-4465-AA58-164C3F2CCB83}.Debug|x64.ActiveCfg = Debug|Any CPU
		{4878285C-4E2A-4465-AA58-164C3F2CCB83}.Debug|x64.Build.0 = Debug|Any CPU
		{4878285C-4E2A-4465-AA58-164C3F2CCB83}.Debug|x64.Deploy.0 = Debug|Any CPU
		{4878285C-4E2A-4465-AA58-164C3F2CCB83}.Debug|x86.ActiveCfg = Debug|Any CPU
		{4878285C-4E2A-4465-AA58-164C3F2CCB83}.Debug|x86.Build.0 = Debug|Any CPU
		{4878285C-4E2A-4465-AA58-164C3F2CCB83}.Debug|x86.Deploy.0 = Debug|Any CPU
		{4878285C-4E2A-4465-AA58-164C3F2CCB83}.Release|Any CPU.ActiveCfg = Release|Any CPU
		{4878285C-4E2A-4465-AA58-164C3F2CCB83}.Release|Any CPU.Build.0 = Release|Any CPU
		{4878285C-4E2A-4465-AA58-164C3F2CCB83}.Release|Any CPU.Deploy.0 = Release|Any CPU
		{4878285C-4E2A-4465-AA58-164C3F2CCB83}.Release|ARM.ActiveCfg = Release|Any CPU
		{4878285C-4E2A-4465-AA58-164C3F2CCB83}.Release|ARM.Build.0 = Release|Any CPU
		{4878285C-4E2A-4465-AA58-164C3F2CCB83}.Release|ARM.Deploy.0 = Release|Any CPU
		{4878285C-4E2A-4465-AA58-164C3F2CCB83}.Release|x64.ActiveCfg = Release|Any CPU
		{4878285C-4E2A-4465-AA58-164C3F2CCB83}.Release|x64.Build.0 = Release|Any CPU
		{4878285C-4E2A-4465-AA58-164C3F2CCB83}.Release|x64.Deploy.0 = Release|Any CPU
		{4878285C-4E2A-4465-AA58-164C3F2CCB83}.Release|x86.ActiveCfg = Release|Any CPU
		{4878285C-4E2A-4465-AA58-164C3F2CCB83}.Release|x86.Build.0 = Release|Any CPU
		{4878285C-4E2A-4465-AA58-164C3F2CCB83}.Release|x86.Deploy.0 = Release|Any CPU
		{4878285C-4E2A-4465-AA58-164C3F2CCB83}.Debug|iPhoneSimulator.ActiveCfg = Debug|Any CPU
		{4878285C-4E2A-4465-AA58-164C3F2CCB83}.Debug|iPhoneSimulator.Build.0 = Debug|Any CPU
		{4878285C-4E2A-4465-AA58-164C3F2CCB83}.Debug|iPhoneSimulator.Deploy.0 = Debug|Any CPU
		{066693F2-50A3-491C-83F0-8A61912C7EAB}.Debug|Any CPU.ActiveCfg = Debug|Any CPU
		{066693F2-50A3-491C-83F0-8A61912C7EAB}.Debug|Any CPU.Build.0 = Debug|Any CPU
		{066693F2-50A3-491C-83F0-8A61912C7EAB}.Debug|Any CPU.Deploy.0 = Debug|Any CPU
		{066693F2-50A3-491C-83F0-8A61912C7EAB}.Debug|ARM.ActiveCfg = Debug|Any CPU
		{066693F2-50A3-491C-83F0-8A61912C7EAB}.Debug|ARM.Build.0 = Debug|Any CPU
		{066693F2-50A3-491C-83F0-8A61912C7EAB}.Debug|ARM.Deploy.0 = Debug|Any CPU
		{066693F2-50A3-491C-83F0-8A61912C7EAB}.Debug|x64.ActiveCfg = Debug|Any CPU
		{066693F2-50A3-491C-83F0-8A61912C7EAB}.Debug|x64.Build.0 = Debug|Any CPU
		{066693F2-50A3-491C-83F0-8A61912C7EAB}.Debug|x64.Deploy.0 = Debug|Any CPU
		{066693F2-50A3-491C-83F0-8A61912C7EAB}.Debug|x86.ActiveCfg = Debug|Any CPU
		{066693F2-50A3-491C-83F0-8A61912C7EAB}.Debug|x86.Build.0 = Debug|Any CPU
		{066693F2-50A3-491C-83F0-8A61912C7EAB}.Debug|x86.Deploy.0 = Debug|Any CPU
		{066693F2-50A3-491C-83F0-8A61912C7EAB}.Release|Any CPU.ActiveCfg = Release|Any CPU
		{066693F2-50A3-491C-83F0-8A61912C7EAB}.Release|Any CPU.Build.0 = Release|Any CPU
		{066693F2-50A3-491C-83F0-8A61912C7EAB}.Release|Any CPU.Deploy.0 = Release|Any CPU
		{066693F2-50A3-491C-83F0-8A61912C7EAB}.Release|ARM.ActiveCfg = Release|Any CPU
		{066693F2-50A3-491C-83F0-8A61912C7EAB}.Release|ARM.Build.0 = Release|Any CPU
		{066693F2-50A3-491C-83F0-8A61912C7EAB}.Release|ARM.Deploy.0 = Release|Any CPU
		{066693F2-50A3-491C-83F0-8A61912C7EAB}.Release|x64.ActiveCfg = Release|Any CPU
		{066693F2-50A3-491C-83F0-8A61912C7EAB}.Release|x64.Build.0 = Release|Any CPU
		{066693F2-50A3-491C-83F0-8A61912C7EAB}.Release|x64.Deploy.0 = Release|Any CPU
		{066693F2-50A3-491C-83F0-8A61912C7EAB}.Release|x86.ActiveCfg = Release|Any CPU
		{066693F2-50A3-491C-83F0-8A61912C7EAB}.Release|x86.Build.0 = Release|Any CPU
		{066693F2-50A3-491C-83F0-8A61912C7EAB}.Release|x86.Deploy.0 = Release|Any CPU
		{066693F2-50A3-491C-83F0-8A61912C7EAB}.Debug|iPhoneSimulator.ActiveCfg = Debug|Any CPU
		{066693F2-50A3-491C-83F0-8A61912C7EAB}.Debug|iPhoneSimulator.Build.0 = Debug|Any CPU
		{066693F2-50A3-491C-83F0-8A61912C7EAB}.Debug|iPhoneSimulator.Deploy.0 = Debug|Any CPU
		{496C7D8E-9BDC-447A-94CC-88159BA75D25}.Ad-Hoc|Any CPU.ActiveCfg = Ad-Hoc|iPhone
        {496C7D8E-9BDC-447A-94CC-88159BA75D25}.Ad-Hoc|ARM.ActiveCfg = Ad-Hoc|iPhone
        {496C7D8E-9BDC-447A-94CC-88159BA75D25}.Ad-Hoc|iPhone.ActiveCfg = Ad-Hoc|iPhone
        {496C7D8E-9BDC-447A-94CC-88159BA75D25}.Ad-Hoc|iPhone.Build.0 = Ad-Hoc|iPhone
        {496C7D8E-9BDC-447A-94CC-88159BA75D25}.Ad-Hoc|iPhoneSimulator.ActiveCfg = Ad-Hoc|iPhoneSimulator
        {496C7D8E-9BDC-447A-94CC-88159BA75D25}.Ad-Hoc|iPhoneSimulator.Build.0 = Ad-Hoc|iPhoneSimulator
        {496C7D8E-9BDC-447A-94CC-88159BA75D25}.Ad-Hoc|x64.ActiveCfg = Ad-Hoc|iPhone
        {496C7D8E-9BDC-447A-94CC-88159BA75D25}.Ad-Hoc|x86.ActiveCfg = Ad-Hoc|iPhone
        {496C7D8E-9BDC-447A-94CC-88159BA75D25}.AppStore|Any CPU.ActiveCfg = AppStore|iPhone
        {496C7D8E-9BDC-447A-94CC-88159BA75D25}.AppStore|ARM.ActiveCfg = AppStore|iPhone
        {496C7D8E-9BDC-447A-94CC-88159BA75D25}.AppStore|iPhone.ActiveCfg = AppStore|iPhone
        {496C7D8E-9BDC-447A-94CC-88159BA75D25}.AppStore|iPhone.Build.0 = AppStore|iPhone
        {496C7D8E-9BDC-447A-94CC-88159BA75D25}.AppStore|iPhoneSimulator.ActiveCfg = AppStore|iPhoneSimulator
        {496C7D8E-9BDC-447A-94CC-88159BA75D25}.AppStore|iPhoneSimulator.Build.0 = AppStore|iPhoneSimulator
        {496C7D8E-9BDC-447A-94CC-88159BA75D25}.AppStore|x64.ActiveCfg = AppStore|iPhone
        {496C7D8E-9BDC-447A-94CC-88159BA75D25}.AppStore|x86.ActiveCfg = AppStore|iPhone
        {496C7D8E-9BDC-447A-94CC-88159BA75D25}.Debug|Any CPU.ActiveCfg = Debug|iPhoneSimulator
        {496C7D8E-9BDC-447A-94CC-88159BA75D25}.Debug|Any CPU.Build.0 = Debug|iPhoneSimulator
        {496C7D8E-9BDC-447A-94CC-88159BA75D25}.Debug|ARM.ActiveCfg = Debug|iPhone
        {496C7D8E-9BDC-447A-94CC-88159BA75D25}.Debug|iPhone.ActiveCfg = Debug|iPhone
        {496C7D8E-9BDC-447A-94CC-88159BA75D25}.Debug|iPhone.Build.0 = Debug|iPhone
        {496C7D8E-9BDC-447A-94CC-88159BA75D25}.Debug|iPhoneSimulator.ActiveCfg = Debug|iPhoneSimulator
        {496C7D8E-9BDC-447A-94CC-88159BA75D25}.Debug|iPhoneSimulator.Build.0 = Debug|iPhoneSimulator
        {496C7D8E-9BDC-447A-94CC-88159BA75D25}.Debug|x64.ActiveCfg = Debug|iPhone
        {496C7D8E-9BDC-447A-94CC-88159BA75D25}.Debug|x86.ActiveCfg = Debug|iPhone
        {496C7D8E-9BDC-447A-94CC-88159BA75D25}.MultiPlatform|Any CPU.ActiveCfg = Release|iPhoneSimulator
        {496C7D8E-9BDC-447A-94CC-88159BA75D25}.MultiPlatform|Any CPU.Build.0 = Release|iPhoneSimulator
        {496C7D8E-9BDC-447A-94CC-88159BA75D25}.MultiPlatform|Any CPU.Deploy.0 = Release|iPhoneSimulator
        {496C7D8E-9BDC-447A-94CC-88159BA75D25}.MultiPlatform|ARM.ActiveCfg = Release|iPhoneSimulator
        {496C7D8E-9BDC-447A-94CC-88159BA75D25}.MultiPlatform|ARM.Build.0 = Release|iPhoneSimulator
        {496C7D8E-9BDC-447A-94CC-88159BA75D25}.MultiPlatform|ARM.Deploy.0 = Release|iPhoneSimulator
        {496C7D8E-9BDC-447A-94CC-88159BA75D25}.MultiPlatform|iPhone.ActiveCfg = Release|iPhone
        {496C7D8E-9BDC-447A-94CC-88159BA75D25}.MultiPlatform|iPhone.Build.0 = Release|iPhone
        {496C7D8E-9BDC-447A-94CC-88159BA75D25}.MultiPlatform|iPhone.Deploy.0 = Release|iPhone
        {496C7D8E-9BDC-447A-94CC-88159BA75D25}.MultiPlatform|iPhoneSimulator.ActiveCfg = Release|iPhoneSimulator
        {496C7D8E-9BDC-447A-94CC-88159BA75D25}.MultiPlatform|iPhoneSimulator.Build.0 = Release|iPhoneSimulator
        {496C7D8E-9BDC-447A-94CC-88159BA75D25}.MultiPlatform|iPhoneSimulator.Deploy.0 = Release|iPhoneSimulator
        {496C7D8E-9BDC-447A-94CC-88159BA75D25}.MultiPlatform|x64.ActiveCfg = Release|iPhoneSimulator
        {496C7D8E-9BDC-447A-94CC-88159BA75D25}.MultiPlatform|x64.Build.0 = Release|iPhoneSimulator
        {496C7D8E-9BDC-447A-94CC-88159BA75D25}.MultiPlatform|x64.Deploy.0 = Release|iPhoneSimulator
        {496C7D8E-9BDC-447A-94CC-88159BA75D25}.MultiPlatform|x86.ActiveCfg = Release|iPhoneSimulator
        {496C7D8E-9BDC-447A-94CC-88159BA75D25}.MultiPlatform|x86.Build.0 = Release|iPhoneSimulator
        {496C7D8E-9BDC-447A-94CC-88159BA75D25}.MultiPlatform|x86.Deploy.0 = Release|iPhoneSimulator
        {496C7D8E-9BDC-447A-94CC-88159BA75D25}.Release|Any CPU.ActiveCfg = Release|iPhone
        {496C7D8E-9BDC-447A-94CC-88159BA75D25}.Release|ARM.ActiveCfg = Release|iPhone
        {496C7D8E-9BDC-447A-94CC-88159BA75D25}.Release|iPhone.ActiveCfg = Release|iPhone
        {496C7D8E-9BDC-447A-94CC-88159BA75D25}.Release|iPhone.Build.0 = Release|iPhone
        {496C7D8E-9BDC-447A-94CC-88159BA75D25}.Release|iPhoneSimulator.ActiveCfg = Release|iPhoneSimulator
        {496C7D8E-9BDC-447A-94CC-88159BA75D25}.Release|iPhoneSimulator.Build.0 = Release|iPhoneSimulator
        {496C7D8E-9BDC-447A-94CC-88159BA75D25}.Release|x64.ActiveCfg = Release|iPhone
        {496C7D8E-9BDC-447A-94CC-88159BA75D25}.Release|x86.ActiveCfg = Release|iPhone
	EndGlobalSection
	GlobalSection(SolutionProperties) = preSolution
		HideSolutionNode = FALSE
	EndGlobalSection
	GlobalSection(ExtensibilityGlobals) = postSolution
		SolutionGuid = {23F610C2-276D-466B-A60B-8E9C18D5F1F2}
	EndGlobalSection
EndGlobal
